
Microsoft Visual Studio Solution File, Format Version 12.00
# Visual Studio Version 17
VisualStudioVersion = 17.14.36623.8
MinimumVisualStudioVersion = 10.0.40219.1
Project("{8BC9CEB8-8B4A-11D0-8D11-00A0C91BC942}") = "test_one", "test_one\test_one.vcxproj", "{7B1B441E-26C2-4284-A904-D637AE15FEE4}"
EndProject
Project("{8BC9CEB8-8B4A-11D0-8D11-00A0C91BC942}") = "face_id", "face_id\face_id.vcxproj", "{B11280CF-F21B-496B-9A28-4CDC2EA38459}"
EndProject
Project("{8BC9CEB8-8B4A-11D0-8D11-00A0C91BC942}") = "camera_capture", "camera_capture\camera_capture.vcxproj", "{C9444D87-FF7F-4418-BDDB-A0D918360118}"
EndProject
Project("{8BC9CEB8-8B4A-11D0-8D11-00A0C91BC942}") = "things_detection", "things_detection\things_detection.vcxproj", "{D64C23AC-F70C-4167-A7EA-37F54C55B91B}"
EndProject
Global
	GlobalSection(SolutionConfigurationPlatforms) = preSolution
		Debug|x64 = Debug|x64
		Debug|x86 = Debug|x86
		Release|x64 = Release|x64
		Release|x86 = Release|x86
	EndGlobalSection
	GlobalSection(ProjectConfigurationPlatforms) = postSolution
		{7B1B441E-26C2-4284-A904-D637AE15FEE4}.Debug|x64.ActiveCfg = Debug|x64
		{7B1B441E-26C2-4284-A904-D637AE15FEE4}.Debug|x64.Build.0 = Debug|x64
		{7B1B441E-26C2-4284-A904-D637AE15FEE4}.Debug|x86.ActiveCfg = Debug|Win32
		{7B1B441E-26C2-4284-A904-D637AE15FEE4}.Debug|x86.Build.0 = Debug|Win32
		{7B1B441E-26C2-4284-A904-D637AE15FEE4}.Release|x64.ActiveCfg = Release|x64
		{7B1B441E-26C2-4284-A904-D637AE15FEE4}.Release|x64.Build.0 = Release|x64
		{7B1B441E-26C2-4284-A904-D637AE15FEE4}.Release|x86.ActiveCfg = Release|Win32
		{7B1B441E-26C2-4284-A904-D637AE15FEE4}.Release|x86.Build.0 = Release|Win32
		{B11280CF-F21B-496B-9A28-4CDC2EA38459}.Debug|x64.ActiveCfg = Debug|x64
		{B11280CF-F21B-496B-9A28-4CDC2EA38459}.Debug|x64.Build.0 = Debug|x64
		{B11280CF-F21B-496B-9A28-4CDC2EA38459}.Debug|x86.ActiveCfg = Debug|Win32
		{B11280CF-F21B-496B-9A28-4CDC2EA38459}.Debug|x86.Build.0 = Debug|Win32
		{B11280CF-F21B-496B-9A28-4CDC2EA38459}.Release|x64.ActiveCfg = Release|x64
		{B11280CF-F21B-496B-9A28-4CDC2EA38459}.Release|x64.Build.0 = Release|x64
		{B11280CF-F21B-496B-9A28-4CDC2EA38459}.Release|x86.ActiveCfg = Release|Win32
		{B11280CF-F21B-496B-9A28-4CDC2EA38459}.Release|x86.Build.0 = Release|Win32
		{C9444D87-FF7F-4418-BDDB-A0D918360118}.Debug|x64.ActiveCfg = Debug|x64
		{C9444D87-FF7F-4418-BDDB-A0D918360118}.Debug|x64.Build.0 = Debug|x64
		{C9444D87-FF7F-4418-BDDB-A0D918360118}.Debug|x86.ActiveCfg = Debug|Win32
		{C9444D87-FF7F-4418-BDDB-A0D918360118}.Debug|x86.Build.0 = Debug|Win32
		{C9444D87-FF7F-4418-BDDB-A0D918360118}.Release|x64.ActiveCfg = Release|x64
		{C9444D87-FF7F-4418-BDDB-A0D918360118}.Release|x64.Build.0 = Release|x64
		{C9444D87-FF7F-4418-BDDB-A0D918360118}.Release|x86.ActiveCfg = Release|Win32
		{C9444D87-FF7F-4418-BDDB-A0D918360118}.Release|x86.Build.0 = Release|Win32
		{D64C23AC-F70C-4167-A7EA-37F54C55B91B}.Debug|x64.ActiveCfg = Debug|x64
		{D64C23AC-F70C-4167-A7EA-37F54C55B91B}.Debug|x64.Build.0 = Debug|x64
		{D64C23AC-F70C-4167-A7EA-37F54C55B91B}.Debug|x86.ActiveCfg = Debug|Win32
		{D64C23AC-F70C-4167-A7EA-37F54C55B91B}.Debug|x86.Build.0 = Debug|Win32
		{D64C23AC-F70C-4167-A7EA-37F54C55B91B}.Release|x64.ActiveCfg = Release|x64
		{D64C23AC-F70C-4167-A7EA-37F54C55B91B}.Release|x64.Build.0 = Release|x64
		{D64C23AC-F70C-4167-A7EA-37F54C55B91B}.Release|x86.ActiveCfg = Release|Win32
		{D64C23AC-F70C-4167-A7EA-37F54C55B91B}.Release|x86.Build.0 = Release|Win32
	EndGlobalSection
	GlobalSection(SolutionProperties) = preSolution
		HideSolutionNode = FALSE
	EndGlobalSection
	GlobalSection(ExtensibilityGlobals) = postSolution
		SolutionGuid = {B3C342C2-6678-4D6C-AF2B-82608F72C3DF}
	EndGlobalSection
EndGlobal
